{
  "name": "rpp",
  "lockfileVersion": 3,
  "requires": true,
  "packages": {
    "": {
      "dependencies": {
        "@floating-ui/dom": "^1.2.9",
        "@popperjs/core": "^2.11.8",
        "animejs": "^3.2.1",
        "jquery": "^3.7.0",
        "remixicon": "^3.3.0"
      }
    },
    "node_modules/@floating-ui/core": {
      "version": "1.2.6",
      "resolved": "https://registry.npmjs.org/@floating-ui/core/-/core-1.2.6.tgz",
      "integrity": "sha512-EvYTiXet5XqweYGClEmpu3BoxmsQ4hkj3QaYA6qEnigCWffTP3vNRwBReTdrwDwo7OoJ3wM8Uoe9Uk4n+d4hfg=="
    },
    "node_modules/@floating-ui/dom": {
      "version": "1.2.9",
      "resolved": "https://registry.npmjs.org/@floating-ui/dom/-/dom-1.2.9.tgz",
      "integrity": "sha512-sosQxsqgxMNkV3C+3UqTS6LxP7isRLwX8WMepp843Rb3/b0Wz8+MdUkxJksByip3C2WwLugLHN1b4ibn//zKwQ==",
      "dependencies": {
        "@floating-ui/core": "^1.2.6"
      }
    },
    "node_modules/@popperjs/core": {
      "version": "2.11.8",
      "resolved": "https://registry.npmjs.org/@popperjs/core/-/core-2.11.8.tgz",
      "integrity": "sha512-P1st0aksCrn9sGZhp8GMYwBnQsbvAWsZAX44oXNNvLHGqAOcoVxmjZiohstwQ7SqKnbR47akdNi+uleWD8+g6A==",
      "funding": {
        "type": "opencollective",
        "url": "https://opencollective.com/popperjs"
      }
    },
    "node_modules/animejs": {
      "version": "3.2.1",
      "resolved": "https://registry.npmjs.org/animejs/-/animejs-3.2.1.tgz",
      "integrity": "sha512-sWno3ugFryK5nhiDm/2BKeFCpZv7vzerWUcUPyAZLDhMek3+S/p418ldZJbJXo5ZUOpfm2kP2XRO4NJcULMy9A=="
    },
    "node_modules/jquery": {
      "version": "3.7.0",
      "resolved": "https://registry.npmjs.org/jquery/-/jquery-3.7.0.tgz",
      "integrity": "sha512-umpJ0/k8X0MvD1ds0P9SfowREz2LenHsQaxSohMZ5OMNEU2r0tf8pdeEFTHMFxWVxKNyU9rTtK3CWzUCTKJUeQ=="
    },
    "node_modules/remixicon": {
      "version": "3.3.0",
      "resolved": "https://registry.npmjs.org/remixicon/-/remixicon-3.3.0.tgz",
      "integrity": "sha512-iNeRbwVgd8Ef467IjMd/+joFWSBOYfqsLtxtSzsS8fWn75a1H7sgGu5uWE4c3NLjP2C1giFlx8gw63qZd96yJQ=="
    }
  }
}
